
Microsoft Visual Studio Solution File, Format Version 12.00
# Visual Studio 15
VisualStudioVersion = 15.0.25807.0
MinimumVisualStudioVersion = 10.0.40219.1
Project("{2150E333-8FDC-42A3-9474-1A3956D46DE8}") = "Engine", "Engine", "{39D46474-39D6-4F4A-A62E-A0ECA1B62206}"
EndProject
Project("{2150E333-8FDC-42A3-9474-1A3956D46DE8}") = "Games", "Games", "{AC7857C8-8885-4B33-8211-2DE272A2B9A6}"
EndProject
Project("{8BC9CEB8-8B4A-11D0-8D11-00A0C91BC942}") = "UE4", "Intermediate\ProjectFiles\UE4.vcxproj", "{EAD13EE2-D772-43D2-B882-407E7B344595}"
EndProject
Project("{8BC9CEB8-8B4A-11D0-8D11-00A0C91BC942}") = "RobotRicochet", "Intermediate\ProjectFiles\RobotRicochet.vcxproj", "{84D39159-A370-4ACF-9F49-B6B8F14D6C7A}"
EndProject
Project("{2150E333-8FDC-42A3-9474-1A3956D46DE8}") = "Visualizers", "Visualizers", "{9261AE81-E8FE-4F90-BBE4-CD07CD83760D}"
	ProjectSection(SolutionItems) = preProject
		..\..\..\..\..\Program Files\Epic Games\UE_4.21\Engine\Extras\VisualStudioDebugging\UE4.natvis = ..\..\..\..\..\Program Files\Epic Games\UE_4.21\Engine\Extras\VisualStudioDebugging\UE4.natvis
	EndProjectSection
EndProject
Global
	GlobalSection(SolutionConfigurationPlatforms) = preSolution
		DebugGame Editor|HTML5 = DebugGame Editor|HTML5
		DebugGame Editor|Win32 = DebugGame Editor|Win32
		DebugGame Editor|Win64 = DebugGame Editor|Win64
		DebugGame|HTML5 = DebugGame|HTML5
		DebugGame|Win32 = DebugGame|Win32
		DebugGame|Win64 = DebugGame|Win64
		Development Editor|HTML5 = Development Editor|HTML5
		Development Editor|Win32 = Development Editor|Win32
		Development Editor|Win64 = Development Editor|Win64
		Development|HTML5 = Development|HTML5
		Development|Win32 = Development|Win32
		Development|Win64 = Development|Win64
		Shipping|HTML5 = Shipping|HTML5
		Shipping|Win32 = Shipping|Win32
		Shipping|Win64 = Shipping|Win64
	EndGlobalSection
	GlobalSection(ProjectConfigurationPlatforms) = postSolution
		{EAD13EE2-D772-43D2-B882-407E7B344595}.DebugGame Editor|HTML5.ActiveCfg = BuiltWithUnrealBuildTool|Win32
		{EAD13EE2-D772-43D2-B882-407E7B344595}.DebugGame Editor|Win32.ActiveCfg = BuiltWithUnrealBuildTool|Win32
		{EAD13EE2-D772-43D2-B882-407E7B344595}.DebugGame Editor|Win64.ActiveCfg = BuiltWithUnrealBuildTool|Win32
		{EAD13EE2-D772-43D2-B882-407E7B344595}.DebugGame|HTML5.ActiveCfg = BuiltWithUnrealBuildTool|Win32
		{EAD13EE2-D772-43D2-B882-407E7B344595}.DebugGame|Win32.ActiveCfg = BuiltWithUnrealBuildTool|Win32
		{EAD13EE2-D772-43D2-B882-407E7B344595}.DebugGame|Win64.ActiveCfg = BuiltWithUnrealBuildTool|Win32
		{EAD13EE2-D772-43D2-B882-407E7B344595}.Development Editor|HTML5.ActiveCfg = BuiltWithUnrealBuildTool|Win32
		{EAD13EE2-D772-43D2-B882-407E7B344595}.Development Editor|Win32.ActiveCfg = BuiltWithUnrealBuildTool|Win32
		{EAD13EE2-D772-43D2-B882-407E7B344595}.Development Editor|Win64.ActiveCfg = BuiltWithUnrealBuildTool|Win32
		{EAD13EE2-D772-43D2-B882-407E7B344595}.Development|HTML5.ActiveCfg = BuiltWithUnrealBuildTool|Win32
		{EAD13EE2-D772-43D2-B882-407E7B344595}.Development|Win32.ActiveCfg = BuiltWithUnrealBuildTool|Win32
		{EAD13EE2-D772-43D2-B882-407E7B344595}.Development|Win64.ActiveCfg = BuiltWithUnrealBuildTool|Win32
		{EAD13EE2-D772-43D2-B882-407E7B344595}.Shipping|HTML5.ActiveCfg = BuiltWithUnrealBuildTool|Win32
		{EAD13EE2-D772-43D2-B882-407E7B344595}.Shipping|Win32.ActiveCfg = BuiltWithUnrealBuildTool|Win32
		{EAD13EE2-D772-43D2-B882-407E7B344595}.Shipping|Win64.ActiveCfg = BuiltWithUnrealBuildTool|Win32
		{84D39159-A370-4ACF-9F49-B6B8F14D6C7A}.DebugGame Editor|HTML5.ActiveCfg = Invalid|Win32
		{84D39159-A370-4ACF-9F49-B6B8F14D6C7A}.DebugGame Editor|Win32.ActiveCfg = Invalid|Win32
		{84D39159-A370-4ACF-9F49-B6B8F14D6C7A}.DebugGame Editor|Win64.ActiveCfg = DebugGame_Editor|x64
		{84D39159-A370-4ACF-9F49-B6B8F14D6C7A}.DebugGame Editor|Win64.Build.0 = DebugGame_Editor|x64
		{84D39159-A370-4ACF-9F49-B6B8F14D6C7A}.DebugGame|HTML5.ActiveCfg = HTML5_DebugGame|Win32
		{84D39159-A370-4ACF-9F49-B6B8F14D6C7A}.DebugGame|HTML5.Build.0 = HTML5_DebugGame|Win32
		{84D39159-A370-4ACF-9F49-B6B8F14D6C7A}.DebugGame|Win32.ActiveCfg = DebugGame|Win32
		{84D39159-A370-4ACF-9F49-B6B8F14D6C7A}.DebugGame|Win32.Build.0 = DebugGame|Win32
		{84D39159-A370-4ACF-9F49-B6B8F14D6C7A}.DebugGame|Win64.ActiveCfg = DebugGame|x64
		{84D39159-A370-4ACF-9F49-B6B8F14D6C7A}.DebugGame|Win64.Build.0 = DebugGame|x64
		{84D39159-A370-4ACF-9F49-B6B8F14D6C7A}.Development Editor|HTML5.ActiveCfg = Invalid|Win32
		{84D39159-A370-4ACF-9F49-B6B8F14D6C7A}.Development Editor|Win32.ActiveCfg = Invalid|Win32
		{84D39159-A370-4ACF-9F49-B6B8F14D6C7A}.Development Editor|Win64.ActiveCfg = Development_Editor|x64
		{84D39159-A370-4ACF-9F49-B6B8F14D6C7A}.Development Editor|Win64.Build.0 = Development_Editor|x64
		{84D39159-A370-4ACF-9F49-B6B8F14D6C7A}.Development|HTML5.ActiveCfg = HTML5_Development|Win32
		{84D39159-A370-4ACF-9F49-B6B8F14D6C7A}.Development|HTML5.Build.0 = HTML5_Development|Win32
		{84D39159-A370-4ACF-9F49-B6B8F14D6C7A}.Development|Win32.ActiveCfg = Development|Win32
		{84D39159-A370-4ACF-9F49-B6B8F14D6C7A}.Development|Win32.Build.0 = Development|Win32
		{84D39159-A370-4ACF-9F49-B6B8F14D6C7A}.Development|Win64.ActiveCfg = Development|x64
		{84D39159-A370-4ACF-9F49-B6B8F14D6C7A}.Development|Win64.Build.0 = Development|x64
		{84D39159-A370-4ACF-9F49-B6B8F14D6C7A}.Shipping|HTML5.ActiveCfg = HTML5_Shipping|Win32
		{84D39159-A370-4ACF-9F49-B6B8F14D6C7A}.Shipping|HTML5.Build.0 = HTML5_Shipping|Win32
		{84D39159-A370-4ACF-9F49-B6B8F14D6C7A}.Shipping|Win32.ActiveCfg = Shipping|Win32
		{84D39159-A370-4ACF-9F49-B6B8F14D6C7A}.Shipping|Win32.Build.0 = Shipping|Win32
		{84D39159-A370-4ACF-9F49-B6B8F14D6C7A}.Shipping|Win64.ActiveCfg = Shipping|x64
		{84D39159-A370-4ACF-9F49-B6B8F14D6C7A}.Shipping|Win64.Build.0 = Shipping|x64
	EndGlobalSection
	GlobalSection(SolutionProperties) = preSolution
		HideSolutionNode = FALSE
	EndGlobalSection
	GlobalSection(NestedProjects) = preSolution
		{EAD13EE2-D772-43D2-B882-407E7B344595} = {39D46474-39D6-4F4A-A62E-A0ECA1B62206}
		{84D39159-A370-4ACF-9F49-B6B8F14D6C7A} = {AC7857C8-8885-4B33-8211-2DE272A2B9A6}
	EndGlobalSection
EndGlobal
